Microsoft Visual Studio Solution File, Format Version 12.00
# Visual Studio 16
Project("{8BC9CEB8-8B4A-11D0-8D11-00A0C91BC942}") = "ALL_BUILD", "ALL_BUILD.vcxproj", "{5313E855-B0D0-381E-8DAC-17CB8C4C5537}"
	ProjectSection(ProjectDependencies) = postProject
		{D8E0B5AE-8144-370E-A4FB-2B3267F21B59} = {D8E0B5AE-8144-370E-A4FB-2B3267F21B59}
		{153E2825-F29A-300C-AD3E-24B384A8337E} = {153E2825-F29A-300C-AD3E-24B384A8337E}
		{41800481-EE02-325E-92C7-76648C9D0105} = {41800481-EE02-325E-92C7-76648C9D0105}
		{2A99DD99-A13B-3862-81A3-FBB79C16EB35} = {2A99DD99-A13B-3862-81A3-FBB79C16EB35}
		{4465A819-9EFD-3368-81FE-F1912C7E1711} = {4465A819-9EFD-3368-81FE-F1912C7E1711}
		{5C410B97-D3FC-3AC3-9EE7-081533DB0881} = {5C410B97-D3FC-3AC3-9EE7-081533DB0881}
		{A85E4C70-2E55-33B0-9F2C-1A76C2AE38DC} = {A85E4C70-2E55-33B0-9F2C-1A76C2AE38DC}
		{835E68A9-9CB5-312D-ABC1-9F9161C71559} = {835E68A9-9CB5-312D-ABC1-9F9161C71559}
		{73CCC90D-CDFB-3CF6-B2D5-C1F57B84B70E} = {73CCC90D-CDFB-3CF6-B2D5-C1F57B84B70E}
		{8AD1AA66-287C-3C28-857A-D435D818F34B} = {8AD1AA66-287C-3C28-857A-D435D818F34B}
		{DBDC9FE8-37DE-3BA1-8F14-80627607FA11} = {DBDC9FE8-37DE-3BA1-8F14-80627607FA11}
		{CB3A3D02-D2B0-333C-A9D1-F5C82584EA02} = {CB3A3D02-D2B0-333C-A9D1-F5C82584EA02}
		{859DC1B4-2ADA-3A07-B745-F9E7625331F9} = {859DC1B4-2ADA-3A07-B745-F9E7625331F9}
		{C7096202-1431-3251-A35E-2B9FDE3F4E6B} = {C7096202-1431-3251-A35E-2B9FDE3F4E6B}
		{B613D45B-4F87-3A58-AE75-8434CF96B83A} = {B613D45B-4F87-3A58-AE75-8434CF96B83A}
		{0EC85CD1-F9AE-3BE9-95BB-212A9EA731C0} = {0EC85CD1-F9AE-3BE9-95BB-212A9EA731C0}
		{DDFEA659-D436-334D-8887-6EF628C6C0E8} = {DDFEA659-D436-334D-8887-6EF628C6C0E8}
		{A49C8C17-6FCE-3B71-A33A-2AD6347EEE25} = {A49C8C17-6FCE-3B71-A33A-2AD6347EEE25}
		{432AF9B8-C35C-33D9-AEFF-E105F14B1C82} = {432AF9B8-C35C-33D9-AEFF-E105F14B1C82}
		{49B3B5B9-8828-3AE9-8C24-5E14B5EE0961} = {49B3B5B9-8828-3AE9-8C24-5E14B5EE0961}
		{A3BBA8B7-CB74-3380-938C-00AF98E789EC} = {A3BBA8B7-CB74-3380-938C-00AF98E789EC}
		{BF3BA088-617B-3A24-98FF-C274105246CE} = {BF3BA088-617B-3A24-98FF-C274105246CE}
		{B944A764-000F-389F-AAA4-7F6F88974DD3} = {B944A764-000F-389F-AAA4-7F6F88974DD3}
		{60743D4F-6230-311C-8B4E-C671B1A31310} = {60743D4F-6230-311C-8B4E-C671B1A31310}
	EndProjectSection
EndProject
Project("{8BC9CEB8-8B4A-11D0-8D11-00A0C91BC942}") = "Continuous", "Continuous.vcxproj", "{3969EE1E-8527-3FE8-99B8-7B2DF1F4282C}"
	ProjectSection(ProjectDependencies) = postProject
		{D8E0B5AE-8144-370E-A4FB-2B3267F21B59} = {D8E0B5AE-8144-370E-A4FB-2B3267F21B59}
	EndProjectSection
EndProject
Project("{8BC9CEB8-8B4A-11D0-8D11-00A0C91BC942}") = "Experimental", "Experimental.vcxproj", "{2C9D1697-2FA5-32C8-939F-D2286A8C77FF}"
	ProjectSection(ProjectDependencies) = postProject
		{D8E0B5AE-8144-370E-A4FB-2B3267F21B59} = {D8E0B5AE-8144-370E-A4FB-2B3267F21B59}
	EndProjectSection
EndProject
Project("{8BC9CEB8-8B4A-11D0-8D11-00A0C91BC942}") = "INSTALL", "INSTALL.vcxproj", "{88393FCC-510D-3FB9-8FAD-49C9301296EB}"
	ProjectSection(ProjectDependencies) = postProject
		{5313E855-B0D0-381E-8DAC-17CB8C4C5537} = {5313E855-B0D0-381E-8DAC-17CB8C4C5537}
		{D8E0B5AE-8144-370E-A4FB-2B3267F21B59} = {D8E0B5AE-8144-370E-A4FB-2B3267F21B59}
	EndProjectSection
EndProject
Project("{8BC9CEB8-8B4A-11D0-8D11-00A0C91BC942}") = "Nightly", "Nightly.vcxproj", "{DCEAC09C-E346-3C58-B4FA-8ECBE6DE6579}"
	ProjectSection(ProjectDependencies) = postProject
		{D8E0B5AE-8144-370E-A4FB-2B3267F21B59} = {D8E0B5AE-8144-370E-A4FB-2B3267F21B59}
	EndProjectSection
EndProject
Project("{8BC9CEB8-8B4A-11D0-8D11-00A0C91BC942}") = "NightlyMemoryCheck", "NightlyMemoryCheck.vcxproj", "{A51295C7-9ADC-363D-B939-B180C0A77D79}"
	ProjectSection(ProjectDependencies) = postProject
		{D8E0B5AE-8144-370E-A4FB-2B3267F21B59} = {D8E0B5AE-8144-370E-A4FB-2B3267F21B59}
	EndProjectSection
EndProject
Project("{8BC9CEB8-8B4A-11D0-8D11-00A0C91BC942}") = "RUN_TESTS", "RUN_TESTS.vcxproj", "{0EE04FFE-48CB-373D-8B24-D36DEAF500DA}"
	ProjectSection(ProjectDependencies) = postProject
		{D8E0B5AE-8144-370E-A4FB-2B3267F21B59} = {D8E0B5AE-8144-370E-A4FB-2B3267F21B59}
	EndProjectSection
EndProject
Project("{8BC9CEB8-8B4A-11D0-8D11-00A0C91BC942}") = "ZERO_CHECK", "ZERO_CHECK.vcxproj", "{D8E0B5AE-8144-370E-A4FB-2B3267F21B59}"
	ProjectSection(ProjectDependencies) = postProject
	EndProjectSection
EndProject
Project("{8BC9CEB8-8B4A-11D0-8D11-00A0C91BC942}") = "algorithm", "algorithm.vcxproj", "{153E2825-F29A-300C-AD3E-24B384A8337E}"
	ProjectSection(ProjectDependencies) = postProject
		{D8E0B5AE-8144-370E-A4FB-2B3267F21B59} = {D8E0B5AE-8144-370E-A4FB-2B3267F21B59}
	EndProjectSection
EndProject
Project("{8BC9CEB8-8B4A-11D0-8D11-00A0C91BC942}") = "basics", "basics.vcxproj", "{41800481-EE02-325E-92C7-76648C9D0105}"
	ProjectSection(ProjectDependencies) = postProject
		{D8E0B5AE-8144-370E-A4FB-2B3267F21B59} = {D8E0B5AE-8144-370E-A4FB-2B3267F21B59}
	EndProjectSection
EndProject
Project("{8BC9CEB8-8B4A-11D0-8D11-00A0C91BC942}") = "composition", "composition.vcxproj", "{2A99DD99-A13B-3862-81A3-FBB79C16EB35}"
	ProjectSection(ProjectDependencies) = postProject
		{D8E0B5AE-8144-370E-A4FB-2B3267F21B59} = {D8E0B5AE-8144-370E-A4FB-2B3267F21B59}
	EndProjectSection
EndProject
Project("{8BC9CEB8-8B4A-11D0-8D11-00A0C91BC942}") = "condition", "condition.vcxproj", "{4465A819-9EFD-3368-81FE-F1912C7E1711}"
	ProjectSection(ProjectDependencies) = postProject
		{D8E0B5AE-8144-370E-A4FB-2B3267F21B59} = {D8E0B5AE-8144-370E-A4FB-2B3267F21B59}
	EndProjectSection
EndProject
Project("{8BC9CEB8-8B4A-11D0-8D11-00A0C91BC942}") = "cuda_basics", "cuda_basics.vcxproj", "{5C410B97-D3FC-3AC3-9EE7-081533DB0881}"
	ProjectSection(ProjectDependencies) = postProject
		{D8E0B5AE-8144-370E-A4FB-2B3267F21B59} = {D8E0B5AE-8144-370E-A4FB-2B3267F21B59}
	EndProjectSection
EndProject
Project("{8BC9CEB8-8B4A-11D0-8D11-00A0C91BC942}") = "cuda_kmeans", "cuda_kmeans.vcxproj", "{A85E4C70-2E55-33B0-9F2C-1A76C2AE38DC}"
	ProjectSection(ProjectDependencies) = postProject
		{D8E0B5AE-8144-370E-A4FB-2B3267F21B59} = {D8E0B5AE-8144-370E-A4FB-2B3267F21B59}
	EndProjectSection
EndProject
Project("{8BC9CEB8-8B4A-11D0-8D11-00A0C91BC942}") = "cuda_matrix", "cuda_matrix.vcxproj", "{835E68A9-9CB5-312D-ABC1-9F9161C71559}"
	ProjectSection(ProjectDependencies) = postProject
		{D8E0B5AE-8144-370E-A4FB-2B3267F21B59} = {D8E0B5AE-8144-370E-A4FB-2B3267F21B59}
	EndProjectSection
EndProject
Project("{8BC9CEB8-8B4A-11D0-8D11-00A0C91BC942}") = "device_property", "device_property.vcxproj", "{73CCC90D-CDFB-3CF6-B2D5-C1F57B84B70E}"
	ProjectSection(ProjectDependencies) = postProject
		{D8E0B5AE-8144-370E-A4FB-2B3267F21B59} = {D8E0B5AE-8144-370E-A4FB-2B3267F21B59}
	EndProjectSection
EndProject
Project("{8BC9CEB8-8B4A-11D0-8D11-00A0C91BC942}") = "fibonacci", "fibonacci.vcxproj", "{8AD1AA66-287C-3C28-857A-D435D818F34B}"
	ProjectSection(ProjectDependencies) = postProject
		{D8E0B5AE-8144-370E-A4FB-2B3267F21B59} = {D8E0B5AE-8144-370E-A4FB-2B3267F21B59}
	EndProjectSection
EndProject
Project("{8BC9CEB8-8B4A-11D0-8D11-00A0C91BC942}") = "kmeans", "kmeans.vcxproj", "{DBDC9FE8-37DE-3BA1-8F14-80627607FA11}"
	ProjectSection(ProjectDependencies) = postProject
		{D8E0B5AE-8144-370E-A4FB-2B3267F21B59} = {D8E0B5AE-8144-370E-A4FB-2B3267F21B59}
	EndProjectSection
EndProject
Project("{8BC9CEB8-8B4A-11D0-8D11-00A0C91BC942}") = "matmul", "matmul.vcxproj", "{CB3A3D02-D2B0-333C-A9D1-F5C82584EA02}"
	ProjectSection(ProjectDependencies) = postProject
		{D8E0B5AE-8144-370E-A4FB-2B3267F21B59} = {D8E0B5AE-8144-370E-A4FB-2B3267F21B59}
	EndProjectSection
EndProject
Project("{8BC9CEB8-8B4A-11D0-8D11-00A0C91BC942}") = "observer", "observer.vcxproj", "{859DC1B4-2ADA-3A07-B745-F9E7625331F9}"
	ProjectSection(ProjectDependencies) = postProject
		{D8E0B5AE-8144-370E-A4FB-2B3267F21B59} = {D8E0B5AE-8144-370E-A4FB-2B3267F21B59}
	EndProjectSection
EndProject
Project("{8BC9CEB8-8B4A-11D0-8D11-00A0C91BC942}") = "parallel_for", "parallel_for.vcxproj", "{C7096202-1431-3251-A35E-2B9FDE3F4E6B}"
	ProjectSection(ProjectDependencies) = postProject
		{D8E0B5AE-8144-370E-A4FB-2B3267F21B59} = {D8E0B5AE-8144-370E-A4FB-2B3267F21B59}
	EndProjectSection
EndProject
Project("{8BC9CEB8-8B4A-11D0-8D11-00A0C91BC942}") = "reduce", "reduce.vcxproj", "{B613D45B-4F87-3A58-AE75-8434CF96B83A}"
	ProjectSection(ProjectDependencies) = postProject
		{D8E0B5AE-8144-370E-A4FB-2B3267F21B59} = {D8E0B5AE-8144-370E-A4FB-2B3267F21B59}
	EndProjectSection
EndProject
Project("{8BC9CEB8-8B4A-11D0-8D11-00A0C91BC942}") = "run", "run.vcxproj", "{0EC85CD1-F9AE-3BE9-95BB-212A9EA731C0}"
	ProjectSection(ProjectDependencies) = postProject
		{D8E0B5AE-8144-370E-A4FB-2B3267F21B59} = {D8E0B5AE-8144-370E-A4FB-2B3267F21B59}
	EndProjectSection
EndProject
Project("{8BC9CEB8-8B4A-11D0-8D11-00A0C91BC942}") = "saxpy", "saxpy.vcxproj", "{DDFEA659-D436-334D-8887-6EF628C6C0E8}"
	ProjectSection(ProjectDependencies) = postProject
		{D8E0B5AE-8144-370E-A4FB-2B3267F21B59} = {D8E0B5AE-8144-370E-A4FB-2B3267F21B59}
	EndProjectSection
EndProject
Project("{8BC9CEB8-8B4A-11D0-8D11-00A0C91BC942}") = "simple", "simple.vcxproj", "{A49C8C17-6FCE-3B71-A33A-2AD6347EEE25}"
	ProjectSection(ProjectDependencies) = postProject
		{D8E0B5AE-8144-370E-A4FB-2B3267F21B59} = {D8E0B5AE-8144-370E-A4FB-2B3267F21B59}
	EndProjectSection
EndProject
Project("{8BC9CEB8-8B4A-11D0-8D11-00A0C91BC942}") = "sort", "sort.vcxproj", "{432AF9B8-C35C-33D9-AEFF-E105F14B1C82}"
	ProjectSection(ProjectDependencies) = postProject
		{D8E0B5AE-8144-370E-A4FB-2B3267F21B59} = {D8E0B5AE-8144-370E-A4FB-2B3267F21B59}
	EndProjectSection
EndProject
Project("{8BC9CEB8-8B4A-11D0-8D11-00A0C91BC942}") = "subflow", "subflow.vcxproj", "{49B3B5B9-8828-3AE9-8C24-5E14B5EE0961}"
	ProjectSection(ProjectDependencies) = postProject
		{D8E0B5AE-8144-370E-A4FB-2B3267F21B59} = {D8E0B5AE-8144-370E-A4FB-2B3267F21B59}
	EndProjectSection
EndProject
Project("{8BC9CEB8-8B4A-11D0-8D11-00A0C91BC942}") = "traverse", "traverse.vcxproj", "{A3BBA8B7-CB74-3380-938C-00AF98E789EC}"
	ProjectSection(ProjectDependencies) = postProject
		{D8E0B5AE-8144-370E-A4FB-2B3267F21B59} = {D8E0B5AE-8144-370E-A4FB-2B3267F21B59}
	EndProjectSection
EndProject
Project("{8BC9CEB8-8B4A-11D0-8D11-00A0C91BC942}") = "tsq", "tsq.vcxproj", "{BF3BA088-617B-3A24-98FF-C274105246CE}"
	ProjectSection(ProjectDependencies) = postProject
		{D8E0B5AE-8144-370E-A4FB-2B3267F21B59} = {D8E0B5AE-8144-370E-A4FB-2B3267F21B59}
	EndProjectSection
EndProject
Project("{8BC9CEB8-8B4A-11D0-8D11-00A0C91BC942}") = "utility", "utility.vcxproj", "{B944A764-000F-389F-AAA4-7F6F88974DD3}"
	ProjectSection(ProjectDependencies) = postProject
		{D8E0B5AE-8144-370E-A4FB-2B3267F21B59} = {D8E0B5AE-8144-370E-A4FB-2B3267F21B59}
	EndProjectSection
EndProject
Project("{8BC9CEB8-8B4A-11D0-8D11-00A0C91BC942}") = "visualization", "visualization.vcxproj", "{60743D4F-6230-311C-8B4E-C671B1A31310}"
	ProjectSection(ProjectDependencies) = postProject
		{D8E0B5AE-8144-370E-A4FB-2B3267F21B59} = {D8E0B5AE-8144-370E-A4FB-2B3267F21B59}
	EndProjectSection
EndProject
Global
	GlobalSection(SolutionConfigurationPlatforms) = preSolution
		Debug|x64 = Debug|x64
		Release|x64 = Release|x64
		MinSizeRel|x64 = MinSizeRel|x64
		RelWithDebInfo|x64 = RelWithDebInfo|x64
	EndGlobalSection
	GlobalSection(ProjectConfigurationPlatforms) = postSolution
		{5313E855-B0D0-381E-8DAC-17CB8C4C5537}.Debug|x64.ActiveCfg = Debug|x64
		{5313E855-B0D0-381E-8DAC-17CB8C4C5537}.Debug|x64.Build.0 = Debug|x64
		{5313E855-B0D0-381E-8DAC-17CB8C4C5537}.Release|x64.ActiveCfg = Release|x64
		{5313E855-B0D0-381E-8DAC-17CB8C4C5537}.Release|x64.Build.0 = Release|x64
		{5313E855-B0D0-381E-8DAC-17CB8C4C5537}.MinSizeRel|x64.ActiveCfg = MinSizeRel|x64
		{5313E855-B0D0-381E-8DAC-17CB8C4C5537}.MinSizeRel|x64.Build.0 = MinSizeRel|x64
		{5313E855-B0D0-381E-8DAC-17CB8C4C5537}.RelWithDebInfo|x64.ActiveCfg = RelWithDebInfo|x64
		{5313E855-B0D0-381E-8DAC-17CB8C4C5537}.RelWithDebInfo|x64.Build.0 = RelWithDebInfo|x64
		{3969EE1E-8527-3FE8-99B8-7B2DF1F4282C}.Debug|x64.ActiveCfg = Debug|x64
		{3969EE1E-8527-3FE8-99B8-7B2DF1F4282C}.Release|x64.ActiveCfg = Release|x64
		{3969EE1E-8527-3FE8-99B8-7B2DF1F4282C}.MinSizeRel|x64.ActiveCfg = MinSizeRel|x64
		{3969EE1E-8527-3FE8-99B8-7B2DF1F4282C}.RelWithDebInfo|x64.ActiveCfg = RelWithDebInfo|x64
		{2C9D1697-2FA5-32C8-939F-D2286A8C77FF}.Debug|x64.ActiveCfg = Debug|x64
		{2C9D1697-2FA5-32C8-939F-D2286A8C77FF}.Release|x64.ActiveCfg = Release|x64
		{2C9D1697-2FA5-32C8-939F-D2286A8C77FF}.MinSizeRel|x64.ActiveCfg = MinSizeRel|x64
		{2C9D1697-2FA5-32C8-939F-D2286A8C77FF}.RelWithDebInfo|x64.ActiveCfg = RelWithDebInfo|x64
		{88393FCC-510D-3FB9-8FAD-49C9301296EB}.Debug|x64.ActiveCfg = Debug|x64
		{88393FCC-510D-3FB9-8FAD-49C9301296EB}.Release|x64.ActiveCfg = Release|x64
		{88393FCC-510D-3FB9-8FAD-49C9301296EB}.MinSizeRel|x64.ActiveCfg = MinSizeRel|x64
		{88393FCC-510D-3FB9-8FAD-49C9301296EB}.RelWithDebInfo|x64.ActiveCfg = RelWithDebInfo|x64
		{DCEAC09C-E346-3C58-B4FA-8ECBE6DE6579}.Debug|x64.ActiveCfg = Debug|x64
		{DCEAC09C-E346-3C58-B4FA-8ECBE6DE6579}.Release|x64.ActiveCfg = Release|x64
		{DCEAC09C-E346-3C58-B4FA-8ECBE6DE6579}.MinSizeRel|x64.ActiveCfg = MinSizeRel|x64
		{DCEAC09C-E346-3C58-B4FA-8ECBE6DE6579}.RelWithDebInfo|x64.ActiveCfg = RelWithDebInfo|x64
		{A51295C7-9ADC-363D-B939-B180C0A77D79}.Debug|x64.ActiveCfg = Debug|x64
		{A51295C7-9ADC-363D-B939-B180C0A77D79}.Release|x64.ActiveCfg = Release|x64
		{A51295C7-9ADC-363D-B939-B180C0A77D79}.MinSizeRel|x64.ActiveCfg = MinSizeRel|x64
		{A51295C7-9ADC-363D-B939-B180C0A77D79}.RelWithDebInfo|x64.ActiveCfg = RelWithDebInfo|x64
		{0EE04FFE-48CB-373D-8B24-D36DEAF500DA}.Debug|x64.ActiveCfg = Debug|x64
		{0EE04FFE-48CB-373D-8B24-D36DEAF500DA}.Release|x64.ActiveCfg = Release|x64
		{0EE04FFE-48CB-373D-8B24-D36DEAF500DA}.MinSizeRel|x64.ActiveCfg = MinSizeRel|x64
		{0EE04FFE-48CB-373D-8B24-D36DEAF500DA}.RelWithDebInfo|x64.ActiveCfg = RelWithDebInfo|x64
		{D8E0B5AE-8144-370E-A4FB-2B3267F21B59}.Debug|x64.ActiveCfg = Debug|x64
		{D8E0B5AE-8144-370E-A4FB-2B3267F21B59}.Debug|x64.Build.0 = Debug|x64
		{D8E0B5AE-8144-370E-A4FB-2B3267F21B59}.Release|x64.ActiveCfg = Release|x64
		{D8E0B5AE-8144-370E-A4FB-2B3267F21B59}.Release|x64.Build.0 = Release|x64
		{D8E0B5AE-8144-370E-A4FB-2B3267F21B59}.MinSizeRel|x64.ActiveCfg = MinSizeRel|x64
		{D8E0B5AE-8144-370E-A4FB-2B3267F21B59}.MinSizeRel|x64.Build.0 = MinSizeRel|x64
		{D8E0B5AE-8144-370E-A4FB-2B3267F21B59}.RelWithDebInfo|x64.ActiveCfg = RelWithDebInfo|x64
		{D8E0B5AE-8144-370E-A4FB-2B3267F21B59}.RelWithDebInfo|x64.Build.0 = RelWithDebInfo|x64
		{153E2825-F29A-300C-AD3E-24B384A8337E}.Debug|x64.ActiveCfg = Debug|x64
		{153E2825-F29A-300C-AD3E-24B384A8337E}.Debug|x64.Build.0 = Debug|x64
		{153E2825-F29A-300C-AD3E-24B384A8337E}.Release|x64.ActiveCfg = Release|x64
		{153E2825-F29A-300C-AD3E-24B384A8337E}.Release|x64.Build.0 = Release|x64
		{153E2825-F29A-300C-AD3E-24B384A8337E}.MinSizeRel|x64.ActiveCfg = MinSizeRel|x64
		{153E2825-F29A-300C-AD3E-24B384A8337E}.MinSizeRel|x64.Build.0 = MinSizeRel|x64
		{153E2825-F29A-300C-AD3E-24B384A8337E}.RelWithDebInfo|x64.ActiveCfg = RelWithDebInfo|x64
		{153E2825-F29A-300C-AD3E-24B384A8337E}.RelWithDebInfo|x64.Build.0 = RelWithDebInfo|x64
		{41800481-EE02-325E-92C7-76648C9D0105}.Debug|x64.ActiveCfg = Debug|x64
		{41800481-EE02-325E-92C7-76648C9D0105}.Debug|x64.Build.0 = Debug|x64
		{41800481-EE02-325E-92C7-76648C9D0105}.Release|x64.ActiveCfg = Release|x64
		{41800481-EE02-325E-92C7-76648C9D0105}.Release|x64.Build.0 = Release|x64
		{41800481-EE02-325E-92C7-76648C9D0105}.MinSizeRel|x64.ActiveCfg = MinSizeRel|x64
		{41800481-EE02-325E-92C7-76648C9D0105}.MinSizeRel|x64.Build.0 = MinSizeRel|x64
		{41800481-EE02-325E-92C7-76648C9D0105}.RelWithDebInfo|x64.ActiveCfg = RelWithDebInfo|x64
		{41800481-EE02-325E-92C7-76648C9D0105}.RelWithDebInfo|x64.Build.0 = RelWithDebInfo|x64
		{2A99DD99-A13B-3862-81A3-FBB79C16EB35}.Debug|x64.ActiveCfg = Debug|x64
		{2A99DD99-A13B-3862-81A3-FBB79C16EB35}.Debug|x64.Build.0 = Debug|x64
		{2A99DD99-A13B-3862-81A3-FBB79C16EB35}.Release|x64.ActiveCfg = Release|x64
		{2A99DD99-A13B-3862-81A3-FBB79C16EB35}.Release|x64.Build.0 = Release|x64
		{2A99DD99-A13B-3862-81A3-FBB79C16EB35}.MinSizeRel|x64.ActiveCfg = MinSizeRel|x64
		{2A99DD99-A13B-3862-81A3-FBB79C16EB35}.MinSizeRel|x64.Build.0 = MinSizeRel|x64
		{2A99DD99-A13B-3862-81A3-FBB79C16EB35}.RelWithDebInfo|x64.ActiveCfg = RelWithDebInfo|x64
		{2A99DD99-A13B-3862-81A3-FBB79C16EB35}.RelWithDebInfo|x64.Build.0 = RelWithDebInfo|x64
		{4465A819-9EFD-3368-81FE-F1912C7E1711}.Debug|x64.ActiveCfg = Debug|x64
		{4465A819-9EFD-3368-81FE-F1912C7E1711}.Debug|x64.Build.0 = Debug|x64
		{4465A819-9EFD-3368-81FE-F1912C7E1711}.Release|x64.ActiveCfg = Release|x64
		{4465A819-9EFD-3368-81FE-F1912C7E1711}.Release|x64.Build.0 = Release|x64
		{4465A819-9EFD-3368-81FE-F1912C7E1711}.MinSizeRel|x64.ActiveCfg = MinSizeRel|x64
		{4465A819-9EFD-3368-81FE-F1912C7E1711}.MinSizeRel|x64.Build.0 = MinSizeRel|x64
		{4465A819-9EFD-3368-81FE-F1912C7E1711}.RelWithDebInfo|x64.ActiveCfg = RelWithDebInfo|x64
		{4465A819-9EFD-3368-81FE-F1912C7E1711}.RelWithDebInfo|x64.Build.0 = RelWithDebInfo|x64
		{5C410B97-D3FC-3AC3-9EE7-081533DB0881}.Debug|x64.ActiveCfg = Debug|x64
		{5C410B97-D3FC-3AC3-9EE7-081533DB0881}.Debug|x64.Build.0 = Debug|x64
		{5C410B97-D3FC-3AC3-9EE7-081533DB0881}.Release|x64.ActiveCfg = Release|x64
		{5C410B97-D3FC-3AC3-9EE7-081533DB0881}.Release|x64.Build.0 = Release|x64
		{5C410B97-D3FC-3AC3-9EE7-081533DB0881}.MinSizeRel|x64.ActiveCfg = MinSizeRel|x64
		{5C410B97-D3FC-3AC3-9EE7-081533DB0881}.MinSizeRel|x64.Build.0 = MinSizeRel|x64
		{5C410B97-D3FC-3AC3-9EE7-081533DB0881}.RelWithDebInfo|x64.ActiveCfg = RelWithDebInfo|x64
		{5C410B97-D3FC-3AC3-9EE7-081533DB0881}.RelWithDebInfo|x64.Build.0 = RelWithDebInfo|x64
		{A85E4C70-2E55-33B0-9F2C-1A76C2AE38DC}.Debug|x64.ActiveCfg = Debug|x64
		{A85E4C70-2E55-33B0-9F2C-1A76C2AE38DC}.Debug|x64.Build.0 = Debug|x64
		{A85E4C70-2E55-33B0-9F2C-1A76C2AE38DC}.Release|x64.ActiveCfg = Release|x64
		{A85E4C70-2E55-33B0-9F2C-1A76C2AE38DC}.Release|x64.Build.0 = Release|x64
		{A85E4C70-2E55-33B0-9F2C-1A76C2AE38DC}.MinSizeRel|x64.ActiveCfg = MinSizeRel|x64
		{A85E4C70-2E55-33B0-9F2C-1A76C2AE38DC}.MinSizeRel|x64.Build.0 = MinSizeRel|x64
		{A85E4C70-2E55-33B0-9F2C-1A76C2AE38DC}.RelWithDebInfo|x64.ActiveCfg = RelWithDebInfo|x64
		{A85E4C70-2E55-33B0-9F2C-1A76C2AE38DC}.RelWithDebInfo|x64.Build.0 = RelWithDebInfo|x64
		{835E68A9-9CB5-312D-ABC1-9F9161C71559}.Debug|x64.ActiveCfg = Debug|x64
		{835E68A9-9CB5-312D-ABC1-9F9161C71559}.Debug|x64.Build.0 = Debug|x64
		{835E68A9-9CB5-312D-ABC1-9F9161C71559}.Release|x64.ActiveCfg = Release|x64
		{835E68A9-9CB5-312D-ABC1-9F9161C71559}.Release|x64.Build.0 = Release|x64
		{835E68A9-9CB5-312D-ABC1-9F9161C71559}.MinSizeRel|x64.ActiveCfg = MinSizeRel|x64
		{835E68A9-9CB5-312D-ABC1-9F9161C71559}.MinSizeRel|x64.Build.0 = MinSizeRel|x64
		{835E68A9-9CB5-312D-ABC1-9F9161C71559}.RelWithDebInfo|x64.ActiveCfg = RelWithDebInfo|x64
		{835E68A9-9CB5-312D-ABC1-9F9161C71559}.RelWithDebInfo|x64.Build.0 = RelWithDebInfo|x64
		{73CCC90D-CDFB-3CF6-B2D5-C1F57B84B70E}.Debug|x64.ActiveCfg = Debug|x64
		{73CCC90D-CDFB-3CF6-B2D5-C1F57B84B70E}.Debug|x64.Build.0 = Debug|x64
		{73CCC90D-CDFB-3CF6-B2D5-C1F57B84B70E}.Release|x64.ActiveCfg = Release|x64
		{73CCC90D-CDFB-3CF6-B2D5-C1F57B84B70E}.Release|x64.Build.0 = Release|x64
		{73CCC90D-CDFB-3CF6-B2D5-C1F57B84B70E}.MinSizeRel|x64.ActiveCfg = MinSizeRel|x64
		{73CCC90D-CDFB-3CF6-B2D5-C1F57B84B70E}.MinSizeRel|x64.Build.0 = MinSizeRel|x64
		{73CCC90D-CDFB-3CF6-B2D5-C1F57B84B70E}.RelWithDebInfo|x64.ActiveCfg = RelWithDebInfo|x64
		{73CCC90D-CDFB-3CF6-B2D5-C1F57B84B70E}.RelWithDebInfo|x64.Build.0 = RelWithDebInfo|x64
		{8AD1AA66-287C-3C28-857A-D435D818F34B}.Debug|x64.ActiveCfg = Debug|x64
		{8AD1AA66-287C-3C28-857A-D435D818F34B}.Debug|x64.Build.0 = Debug|x64
		{8AD1AA66-287C-3C28-857A-D435D818F34B}.Release|x64.ActiveCfg = Release|x64
		{8AD1AA66-287C-3C28-857A-D435D818F34B}.Release|x64.Build.0 = Release|x64
		{8AD1AA66-287C-3C28-857A-D435D818F34B}.MinSizeRel|x64.ActiveCfg = MinSizeRel|x64
		{8AD1AA66-287C-3C28-857A-D435D818F34B}.MinSizeRel|x64.Build.0 = MinSizeRel|x64
		{8AD1AA66-287C-3C28-857A-D435D818F34B}.RelWithDebInfo|x64.ActiveCfg = RelWithDebInfo|x64
		{8AD1AA66-287C-3C28-857A-D435D818F34B}.RelWithDebInfo|x64.Build.0 = RelWithDebInfo|x64
		{DBDC9FE8-37DE-3BA1-8F14-80627607FA11}.Debug|x64.ActiveCfg = Debug|x64
		{DBDC9FE8-37DE-3BA1-8F14-80627607FA11}.Debug|x64.Build.0 = Debug|x64
		{DBDC9FE8-37DE-3BA1-8F14-80627607FA11}.Release|x64.ActiveCfg = Release|x64
		{DBDC9FE8-37DE-3BA1-8F14-80627607FA11}.Release|x64.Build.0 = Release|x64
		{DBDC9FE8-37DE-3BA1-8F14-80627607FA11}.MinSizeRel|x64.ActiveCfg = MinSizeRel|x64
		{DBDC9FE8-37DE-3BA1-8F14-80627607FA11}.MinSizeRel|x64.Build.0 = MinSizeRel|x64
		{DBDC9FE8-37DE-3BA1-8F14-80627607FA11}.RelWithDebInfo|x64.ActiveCfg = RelWithDebInfo|x64
		{DBDC9FE8-37DE-3BA1-8F14-80627607FA11}.RelWithDebInfo|x64.Build.0 = RelWithDebInfo|x64
		{CB3A3D02-D2B0-333C-A9D1-F5C82584EA02}.Debug|x64.ActiveCfg = Debug|x64
		{CB3A3D02-D2B0-333C-A9D1-F5C82584EA02}.Debug|x64.Build.0 = Debug|x64
		{CB3A3D02-D2B0-333C-A9D1-F5C82584EA02}.Release|x64.ActiveCfg = Release|x64
		{CB3A3D02-D2B0-333C-A9D1-F5C82584EA02}.Release|x64.Build.0 = Release|x64
		{CB3A3D02-D2B0-333C-A9D1-F5C82584EA02}.MinSizeRel|x64.ActiveCfg = MinSizeRel|x64
		{CB3A3D02-D2B0-333C-A9D1-F5C82584EA02}.MinSizeRel|x64.Build.0 = MinSizeRel|x64
		{CB3A3D02-D2B0-333C-A9D1-F5C82584EA02}.RelWithDebInfo|x64.ActiveCfg = RelWithDebInfo|x64
		{CB3A3D02-D2B0-333C-A9D1-F5C82584EA02}.RelWithDebInfo|x64.Build.0 = RelWithDebInfo|x64
		{859DC1B4-2ADA-3A07-B745-F9E7625331F9}.Debug|x64.ActiveCfg = Debug|x64
		{859DC1B4-2ADA-3A07-B745-F9E7625331F9}.Debug|x64.Build.0 = Debug|x64
		{859DC1B4-2ADA-3A07-B745-F9E7625331F9}.Release|x64.ActiveCfg = Release|x64
		{859DC1B4-2ADA-3A07-B745-F9E7625331F9}.Release|x64.Build.0 = Release|x64
		{859DC1B4-2ADA-3A07-B745-F9E7625331F9}.MinSizeRel|x64.ActiveCfg = MinSizeRel|x64
		{859DC1B4-2ADA-3A07-B745-F9E7625331F9}.MinSizeRel|x64.Build.0 = MinSizeRel|x64
		{859DC1B4-2ADA-3A07-B745-F9E7625331F9}.RelWithDebInfo|x64.ActiveCfg = RelWithDebInfo|x64
		{859DC1B4-2ADA-3A07-B745-F9E7625331F9}.RelWithDebInfo|x64.Build.0 = RelWithDebInfo|x64
		{C7096202-1431-3251-A35E-2B9FDE3F4E6B}.Debug|x64.ActiveCfg = Debug|x64
		{C7096202-1431-3251-A35E-2B9FDE3F4E6B}.Debug|x64.Build.0 = Debug|x64
		{C7096202-1431-3251-A35E-2B9FDE3F4E6B}.Release|x64.ActiveCfg = Release|x64
		{C7096202-1431-3251-A35E-2B9FDE3F4E6B}.Release|x64.Build.0 = Release|x64
		{C7096202-1431-3251-A35E-2B9FDE3F4E6B}.MinSizeRel|x64.ActiveCfg = MinSizeRel|x64
		{C7096202-1431-3251-A35E-2B9FDE3F4E6B}.MinSizeRel|x64.Build.0 = MinSizeRel|x64
		{C7096202-1431-3251-A35E-2B9FDE3F4E6B}.RelWithDebInfo|x64.ActiveCfg = RelWithDebInfo|x64
		{C7096202-1431-3251-A35E-2B9FDE3F4E6B}.RelWithDebInfo|x64.Build.0 = RelWithDebInfo|x64
		{B613D45B-4F87-3A58-AE75-8434CF96B83A}.Debug|x64.ActiveCfg = Debug|x64
		{B613D45B-4F87-3A58-AE75-8434CF96B83A}.Debug|x64.Build.0 = Debug|x64
		{B613D45B-4F87-3A58-AE75-8434CF96B83A}.Release|x64.ActiveCfg = Release|x64
		{B613D45B-4F87-3A58-AE75-8434CF96B83A}.Release|x64.Build.0 = Release|x64
		{B613D45B-4F87-3A58-AE75-8434CF96B83A}.MinSizeRel|x64.ActiveCfg = MinSizeRel|x64
		{B613D45B-4F87-3A58-AE75-8434CF96B83A}.MinSizeRel|x64.Build.0 = MinSizeRel|x64
		{B613D45B-4F87-3A58-AE75-8434CF96B83A}.RelWithDebInfo|x64.ActiveCfg = RelWithDebInfo|x64
		{B613D45B-4F87-3A58-AE75-8434CF96B83A}.RelWithDebInfo|x64.Build.0 = RelWithDebInfo|x64
		{0EC85CD1-F9AE-3BE9-95BB-212A9EA731C0}.Debug|x64.ActiveCfg = Debug|x64
		{0EC85CD1-F9AE-3BE9-95BB-212A9EA731C0}.Debug|x64.Build.0 = Debug|x64
		{0EC85CD1-F9AE-3BE9-95BB-212A9EA731C0}.Release|x64.ActiveCfg = Release|x64
		{0EC85CD1-F9AE-3BE9-95BB-212A9EA731C0}.Release|x64.Build.0 = Release|x64
		{0EC85CD1-F9AE-3BE9-95BB-212A9EA731C0}.MinSizeRel|x64.ActiveCfg = MinSizeRel|x64
		{0EC85CD1-F9AE-3BE9-95BB-212A9EA731C0}.MinSizeRel|x64.Build.0 = MinSizeRel|x64
		{0EC85CD1-F9AE-3BE9-95BB-212A9EA731C0}.RelWithDebInfo|x64.ActiveCfg = RelWithDebInfo|x64
		{0EC85CD1-F9AE-3BE9-95BB-212A9EA731C0}.RelWithDebInfo|x64.Build.0 = RelWithDebInfo|x64
		{DDFEA659-D436-334D-8887-6EF628C6C0E8}.Debug|x64.ActiveCfg = Debug|x64
		{DDFEA659-D436-334D-8887-6EF628C6C0E8}.Debug|x64.Build.0 = Debug|x64
		{DDFEA659-D436-334D-8887-6EF628C6C0E8}.Release|x64.ActiveCfg = Release|x64
		{DDFEA659-D436-334D-8887-6EF628C6C0E8}.Release|x64.Build.0 = Release|x64
		{DDFEA659-D436-334D-8887-6EF628C6C0E8}.MinSizeRel|x64.ActiveCfg = MinSizeRel|x64
		{DDFEA659-D436-334D-8887-6EF628C6C0E8}.MinSizeRel|x64.Build.0 = MinSizeRel|x64
		{DDFEA659-D436-334D-8887-6EF628C6C0E8}.RelWithDebInfo|x64.ActiveCfg = RelWithDebInfo|x64
		{DDFEA659-D436-334D-8887-6EF628C6C0E8}.RelWithDebInfo|x64.Build.0 = RelWithDebInfo|x64
		{A49C8C17-6FCE-3B71-A33A-2AD6347EEE25}.Debug|x64.ActiveCfg = Debug|x64
		{A49C8C17-6FCE-3B71-A33A-2AD6347EEE25}.Debug|x64.Build.0 = Debug|x64
		{A49C8C17-6FCE-3B71-A33A-2AD6347EEE25}.Release|x64.ActiveCfg = Release|x64
		{A49C8C17-6FCE-3B71-A33A-2AD6347EEE25}.Release|x64.Build.0 = Release|x64
		{A49C8C17-6FCE-3B71-A33A-2AD6347EEE25}.MinSizeRel|x64.ActiveCfg = MinSizeRel|x64
		{A49C8C17-6FCE-3B71-A33A-2AD6347EEE25}.MinSizeRel|x64.Build.0 = MinSizeRel|x64
		{A49C8C17-6FCE-3B71-A33A-2AD6347EEE25}.RelWithDebInfo|x64.ActiveCfg = RelWithDebInfo|x64
		{A49C8C17-6FCE-3B71-A33A-2AD6347EEE25}.RelWithDebInfo|x64.Build.0 = RelWithDebInfo|x64
		{432AF9B8-C35C-33D9-AEFF-E105F14B1C82}.Debug|x64.ActiveCfg = Debug|x64
		{432AF9B8-C35C-33D9-AEFF-E105F14B1C82}.Debug|x64.Build.0 = Debug|x64
		{432AF9B8-C35C-33D9-AEFF-E105F14B1C82}.Release|x64.ActiveCfg = Release|x64
		{432AF9B8-C35C-33D9-AEFF-E105F14B1C82}.Release|x64.Build.0 = Release|x64
		{432AF9B8-C35C-33D9-AEFF-E105F14B1C82}.MinSizeRel|x64.ActiveCfg = MinSizeRel|x64
		{432AF9B8-C35C-33D9-AEFF-E105F14B1C82}.MinSizeRel|x64.Build.0 = MinSizeRel|x64
		{432AF9B8-C35C-33D9-AEFF-E105F14B1C82}.RelWithDebInfo|x64.ActiveCfg = RelWithDebInfo|x64
		{432AF9B8-C35C-33D9-AEFF-E105F14B1C82}.RelWithDebInfo|x64.Build.0 = RelWithDebInfo|x64
		{49B3B5B9-8828-3AE9-8C24-5E14B5EE0961}.Debug|x64.ActiveCfg = Debug|x64
		{49B3B5B9-8828-3AE9-8C24-5E14B5EE0961}.Debug|x64.Build.0 = Debug|x64
		{49B3B5B9-8828-3AE9-8C24-5E14B5EE0961}.Release|x64.ActiveCfg = Release|x64
		{49B3B5B9-8828-3AE9-8C24-5E14B5EE0961}.Release|x64.Build.0 = Release|x64
		{49B3B5B9-8828-3AE9-8C24-5E14B5EE0961}.MinSizeRel|x64.ActiveCfg = MinSizeRel|x64
		{49B3B5B9-8828-3AE9-8C24-5E14B5EE0961}.MinSizeRel|x64.Build.0 = MinSizeRel|x64
		{49B3B5B9-8828-3AE9-8C24-5E14B5EE0961}.RelWithDebInfo|x64.ActiveCfg = RelWithDebInfo|x64
		{49B3B5B9-8828-3AE9-8C24-5E14B5EE0961}.RelWithDebInfo|x64.Build.0 = RelWithDebInfo|x64
		{A3BBA8B7-CB74-3380-938C-00AF98E789EC}.Debug|x64.ActiveCfg = Debug|x64
		{A3BBA8B7-CB74-3380-938C-00AF98E789EC}.Debug|x64.Build.0 = Debug|x64
		{A3BBA8B7-CB74-3380-938C-00AF98E789EC}.Release|x64.ActiveCfg = Release|x64
		{A3BBA8B7-CB74-3380-938C-00AF98E789EC}.Release|x64.Build.0 = Release|x64
		{A3BBA8B7-CB74-3380-938C-00AF98E789EC}.MinSizeRel|x64.ActiveCfg = MinSizeRel|x64
		{A3BBA8B7-CB74-3380-938C-00AF98E789EC}.MinSizeRel|x64.Build.0 = MinSizeRel|x64
		{A3BBA8B7-CB74-3380-938C-00AF98E789EC}.RelWithDebInfo|x64.ActiveCfg = RelWithDebInfo|x64
		{A3BBA8B7-CB74-3380-938C-00AF98E789EC}.RelWithDebInfo|x64.Build.0 = RelWithDebInfo|x64
		{BF3BA088-617B-3A24-98FF-C274105246CE}.Debug|x64.ActiveCfg = Debug|x64
		{BF3BA088-617B-3A24-98FF-C274105246CE}.Debug|x64.Build.0 = Debug|x64
		{BF3BA088-617B-3A24-98FF-C274105246CE}.Release|x64.ActiveCfg = Release|x64
		{BF3BA088-617B-3A24-98FF-C274105246CE}.Release|x64.Build.0 = Release|x64
		{BF3BA088-617B-3A24-98FF-C274105246CE}.MinSizeRel|x64.ActiveCfg = MinSizeRel|x64
		{BF3BA088-617B-3A24-98FF-C274105246CE}.MinSizeRel|x64.Build.0 = MinSizeRel|x64
		{BF3BA088-617B-3A24-98FF-C274105246CE}.RelWithDebInfo|x64.ActiveCfg = RelWithDebInfo|x64
		{BF3BA088-617B-3A24-98FF-C274105246CE}.RelWithDebInfo|x64.Build.0 = RelWithDebInfo|x64
		{B944A764-000F-389F-AAA4-7F6F88974DD3}.Debug|x64.ActiveCfg = Debug|x64
		{B944A764-000F-389F-AAA4-7F6F88974DD3}.Debug|x64.Build.0 = Debug|x64
		{B944A764-000F-389F-AAA4-7F6F88974DD3}.Release|x64.ActiveCfg = Release|x64
		{B944A764-000F-389F-AAA4-7F6F88974DD3}.Release|x64.Build.0 = Release|x64
		{B944A764-000F-389F-AAA4-7F6F88974DD3}.MinSizeRel|x64.ActiveCfg = MinSizeRel|x64
		{B944A764-000F-389F-AAA4-7F6F88974DD3}.MinSizeRel|x64.Build.0 = MinSizeRel|x64
		{B944A764-000F-389F-AAA4-7F6F88974DD3}.RelWithDebInfo|x64.ActiveCfg = RelWithDebInfo|x64
		{B944A764-000F-389F-AAA4-7F6F88974DD3}.RelWithDebInfo|x64.Build.0 = RelWithDebInfo|x64
		{60743D4F-6230-311C-8B4E-C671B1A31310}.Debug|x64.ActiveCfg = Debug|x64
		{60743D4F-6230-311C-8B4E-C671B1A31310}.Debug|x64.Build.0 = Debug|x64
		{60743D4F-6230-311C-8B4E-C671B1A31310}.Release|x64.ActiveCfg = Release|x64
		{60743D4F-6230-311C-8B4E-C671B1A31310}.Release|x64.Build.0 = Release|x64
		{60743D4F-6230-311C-8B4E-C671B1A31310}.MinSizeRel|x64.ActiveCfg = MinSizeRel|x64
		{60743D4F-6230-311C-8B4E-C671B1A31310}.MinSizeRel|x64.Build.0 = MinSizeRel|x64
		{60743D4F-6230-311C-8B4E-C671B1A31310}.RelWithDebInfo|x64.ActiveCfg = RelWithDebInfo|x64
		{60743D4F-6230-311C-8B4E-C671B1A31310}.RelWithDebInfo|x64.Build.0 = RelWithDebInfo|x64
	EndGlobalSection
	GlobalSection(ExtensibilityGlobals) = postSolution
		SolutionGuid = {3EB2686D-8369-30E2-8757-49E846A992F8}
	EndGlobalSection
	GlobalSection(ExtensibilityAddIns) = postSolution
	EndGlobalSection
EndGlobal
